{
  "name": "mlg-test",
  "version": "1.0.0",
  "lockfileVersion": 3,
  "requires": true,
  "packages": {
    "": {
      "name": "mlg-test",
      "version": "1.0.0",
      "license": "ISC",
      "dependencies": {
        "mlg-converter": "0.9.0"
      }
    },
    "node_modules/mlg-converter": {
      "version": "0.9.0",
      "resolved": "https://registry.npmjs.org/mlg-converter/-/mlg-converter-0.9.0.tgz",
      "integrity": "sha512-1C4DdIlHTNyrr+Vnie4eg1BOYNYX/hPCu1QEnlKpSPXn52bD0eu36mtcbcHYkYri2XCNIsGA6OVaWwA2pTfeSg==",
      "license": "MIT",
      "bin": {
        "mlg-converter": "dist/cli.js"
      }
    }
  }
}
